{
  "name": "ai-debate-coach",
  "version": "1.0.0",
  "lockfileVersion": 3,
  "requires": true,
  "packages": {
    "": {
      "name": "ai-debate-coach",
      "version": "1.0.0",
      "devDependencies": {
        "@cloudflare/workers-types": "^4.20241218.0"
      }
    },
    "node_modules/@cloudflare/workers-types": {
      "version": "4.20251003.0",
      "resolved": "https://registry.npmjs.org/@cloudflare/workers-types/-/workers-types-4.20251003.0.tgz",
      "integrity": "sha512-rtg7FqYVNHsltn1GOV+P3hQpVf1WDI3wH8Mj4IjK99fidJ4ttzUPuCX/uYE/PIF/HBPK66TqVwToO+GN4Lmx0Q==",
      "dev": true,
      "license": "MIT OR Apache-2.0"
    }
  }
}
